
Microsoft Visual Studio Solution File, Format Version 12.00
# Visual Studio Version 16
VisualStudioVersion = 16.0.30717.126
MinimumVisualStudioVersion = 10.0.40219.1
Project("{FAE04EC0-301F-11D3-BF4B-00C04F79EFBC}") = "Application", "Application\Application.csproj", "{E3C888EE-9DDA-419D-BF1C-8463F7926B4C}"
EndProject
Project("{FAE04EC0-301F-11D3-BF4B-00C04F79EFBC}") = "Domain", "Domain\Domain.csproj", "{C87A32BD-066A-495A-8D8E-2CD51F00E9DD}"
EndProject
Project("{FAE04EC0-301F-11D3-BF4B-00C04F79EFBC}") = "Infrastructure", "Infrastructure\Infrastructure.csproj", "{58DAC979-B5BC-4B5F-A782-663D38D8BA37}"
EndProject
Global
	GlobalSection(SolutionConfigurationPlatforms) = preSolution
		Debug|Any CPU = Debug|Any CPU
		Release|Any CPU = Release|Any CPU
	EndGlobalSection
	GlobalSection(ProjectConfigurationPlatforms) = postSolution
		{E3C888EE-9DDA-419D-BF1C-8463F7926B4C}.Debug|Any CPU.ActiveCfg = Debug|Any CPU
		{E3C888EE-9DDA-419D-BF1C-8463F7926B4C}.Debug|Any CPU.Build.0 = Debug|Any CPU
		{E3C888EE-9DDA-419D-BF1C-8463F7926B4C}.Release|Any CPU.ActiveCfg = Release|Any CPU
		{E3C888EE-9DDA-419D-BF1C-8463F7926B4C}.Release|Any CPU.Build.0 = Release|Any CPU
		{C87A32BD-066A-495A-8D8E-2CD51F00E9DD}.Debug|Any CPU.ActiveCfg = Debug|Any CPU
		{C87A32BD-066A-495A-8D8E-2CD51F00E9DD}.Debug|Any CPU.Build.0 = Debug|Any CPU
		{C87A32BD-066A-495A-8D8E-2CD51F00E9DD}.Release|Any CPU.ActiveCfg = Release|Any CPU
		{C87A32BD-066A-495A-8D8E-2CD51F00E9DD}.Release|Any CPU.Build.0 = Release|Any CPU
		{58DAC979-B5BC-4B5F-A782-663D38D8BA37}.Debug|Any CPU.ActiveCfg = Debug|Any CPU
		{58DAC979-B5BC-4B5F-A782-663D38D8BA37}.Debug|Any CPU.Build.0 = Debug|Any CPU
		{58DAC979-B5BC-4B5F-A782-663D38D8BA37}.Release|Any CPU.ActiveCfg = Release|Any CPU
		{58DAC979-B5BC-4B5F-A782-663D38D8BA37}.Release|Any CPU.Build.0 = Release|Any CPU
	EndGlobalSection
	GlobalSection(SolutionProperties) = preSolution
		HideSolutionNode = FALSE
	EndGlobalSection
	GlobalSection(ExtensibilityGlobals) = postSolution
		SolutionGuid = {7027D466-8B4F-46CC-80F1-E12688DBDE3E}
	EndGlobalSection
EndGlobal
